// !$*UTF8*$!
{
	archiveVersion = 1;
	classes = {
	};
	objectVersion = 56;
	objects = {

/* Begin PBXBuildFile section */
		F8C8DBFF29A64C7F00DE06ED /* TodoListAppApp.swift in Sources */ = {isa = PBXBuildFile; fileRef = F8C8DBFE29A64C7F00DE06ED /* TodoListAppApp.swift */; };
		F8C8DC0129A64C7F00DE06ED /* TaskListView.swift in Sources */ = {isa = PBXBuildFile; fileRef = F8C8DC0029A64C7F00DE06ED /* TaskListView.swift */; };
		F8C8DC0329A64C8000DE06ED /* Assets.xcassets in Resources */ = {isa = PBXBuildFile; fileRef = F8C8DC0229A64C8000DE06ED /* Assets.xcassets */; };
		F8C8DC0629A64C8000DE06ED /* Preview Assets.xcassets in Resources */ = {isa = PBXBuildFile; fileRef = F8C8DC0529A64C8000DE06ED /* Preview Assets.xcassets */; };
		F8C8DC0829A64C8000DE06ED /* Persistence.swift in Sources */ = {isa = PBXBuildFile; fileRef = F8C8DC0729A64C8000DE06ED /* Persistence.swift */; };
		F8C8DC0B29A64C8000DE06ED /* TodoListApp.xcdatamodeld in Sources */ = {isa = PBXBuildFile; fileRef = F8C8DC0929A64C8000DE06ED /* TodoListApp.xcdatamodeld */; };
		F8C8DC1229A64E5100DE06ED /* FloatingButton.swift in Sources */ = {isa = PBXBuildFile; fileRef = F8C8DC1129A64E5100DE06ED /* FloatingButton.swift */; };
		F8C8DC1529A64EC600DE06ED /* TaskEditView.swift in Sources */ = {isa = PBXBuildFile; fileRef = F8C8DC1429A64EC600DE06ED /* TaskEditView.swift */; };
		F8C8DC1729A6584400DE06ED /* DateHolder.swift in Sources */ = {isa = PBXBuildFile; fileRef = F8C8DC1629A6584400DE06ED /* DateHolder.swift */; };
		F8C8DC1E29A65F6F00DE06ED /* TaskItemExtension.swift in Sources */ = {isa = PBXBuildFile; fileRef = F8C8DC1D29A65F6F00DE06ED /* TaskItemExtension.swift */; };
		F8C8DC2429A76DB100DE06ED /* SwipableCell.swift in Sources */ = {isa = PBXBuildFile; fileRef = F8C8DC2329A76DB100DE06ED /* SwipableCell.swift */; };
		F8C8DC2729A776FB00DE06ED /* RiveRuntime in Frameworks */ = {isa = PBXBuildFile; productRef = F8C8DC2629A776FB00DE06ED /* RiveRuntime */; };
		F8C8DC2E29A7A7F700DE06ED /* swipe_interaction.riv in Resources */ = {isa = PBXBuildFile; fileRef = F8C8DC2D29A7A7F700DE06ED /* swipe_interaction.riv */; };
/* End PBXBuildFile section */

/* Begin PBXFileReference section */
		F8C8DBFB29A64C7F00DE06ED /* TodoListApp.app */ = {isa = PBXFileReference; explicitFileType = wrapper.application; includeInIndex = 0; path = TodoListApp.app; sourceTree = BUILT_PRODUCTS_DIR; };
		F8C8DBFE29A64C7F00DE06ED /* TodoListAppApp.swift */ = {isa = PBXFileReference; lastKnownFileType = sourcecode.swift; path = TodoListAppApp.swift; sourceTree = "<group>"; };
		F8C8DC0029A64C7F00DE06ED /* TaskListView.swift */ = {isa = PBXFileReference; lastKnownFileType = sourcecode.swift; path = TaskListView.swift; sourceTree = "<group>"; };
		F8C8DC0229A64C8000DE06ED /* Assets.xcassets */ = {isa = PBXFileReference; lastKnownFileType = folder.assetcatalog; path = Assets.xcassets; sourceTree = "<group>"; };
		F8C8DC0529A64C8000DE06ED /* Preview Assets.xcassets */ = {isa = PBXFileReference; lastKnownFileType = folder.assetcatalog; path = "Preview Assets.xcassets"; sourceTree = "<group>"; };
		F8C8DC0729A64C8000DE06ED /* Persistence.swift */ = {isa = PBXFileReference; lastKnownFileType = sourcecode.swift; path = Persistence.swift; sourceTree = "<group>"; };
		F8C8DC0A29A64C8000DE06ED /* TodoListApp.xcdatamodel */ = {isa = PBXFileReference; lastKnownFileType = wrapper.xcdatamodel; path = TodoListApp.xcdatamodel; sourceTree = "<group>"; };
		F8C8DC1129A64E5100DE06ED /* FloatingButton.swift */ = {isa = PBXFileReference; lastKnownFileType = sourcecode.swift; path = FloatingButton.swift; sourceTree = "<group>"; };
		F8C8DC1429A64EC600DE06ED /* TaskEditView.swift */ = {isa = PBXFileReference; lastKnownFileType = sourcecode.swift; path = TaskEditView.swift; sourceTree = "<group>"; };
		F8C8DC1629A6584400DE06ED /* DateHolder.swift */ = {isa = PBXFileReference; lastKnownFileType = sourcecode.swift; path = DateHolder.swift; sourceTree = "<group>"; };
		F8C8DC1D29A65F6F00DE06ED /* TaskItemExtension.swift */ = {isa = PBXFileReference; lastKnownFileType = sourcecode.swift; path = TaskItemExtension.swift; sourceTree = "<group>"; };
		F8C8DC2329A76DB100DE06ED /* SwipableCell.swift */ = {isa = PBXFileReference; lastKnownFileType = sourcecode.swift; path = SwipableCell.swift; sourceTree = "<group>"; };
		F8C8DC2D29A7A7F700DE06ED /* swipe_interaction.riv */ = {isa = PBXFileReference; lastKnownFileType = file; name = swipe_interaction.riv; path = ../../../../../../Downloads/swipe_interaction.riv; sourceTree = "<group>"; };
/* End PBXFileReference section */

/* Begin PBXFrameworksBuildPhase section */
		F8C8DBF829A64C7F00DE06ED /* Frameworks */ = {
			isa = PBXFrameworksBuildPhase;
			buildActionMask = 2147483647;
			files = (
				F8C8DC2729A776FB00DE06ED /* RiveRuntime in Frameworks */,
			);
			runOnlyForDeploymentPostprocessing = 0;
		};
/* End PBXFrameworksBuildPhase section */

/* Begin PBXGroup section */
		F8C8DBF229A64C7F00DE06ED = {
			isa = PBXGroup;
			children = (
				F8C8DBFD29A64C7F00DE06ED /* TodoListApp */,
				F8C8DBFC29A64C7F00DE06ED /* Products */,
			);
			sourceTree = "<group>";
		};
		F8C8DBFC29A64C7F00DE06ED /* Products */ = {
			isa = PBXGroup;
			children = (
				F8C8DBFB29A64C7F00DE06ED /* TodoListApp.app */,
			);
			name = Products;
			sourceTree = "<group>";
		};
		F8C8DBFD29A64C7F00DE06ED /* TodoListApp */ = {
			isa = PBXGroup;
			children = (
				F8C8DC2829A7772200DE06ED /* Animations */,
				F8C8DC1C29A65F3700DE06ED /* Model */,
				F8C8DC1329A64EA700DE06ED /* Views */,
				F8C8DBFE29A64C7F00DE06ED /* TodoListAppApp.swift */,
				F8C8DC0229A64C8000DE06ED /* Assets.xcassets */,
				F8C8DC0929A64C8000DE06ED /* TodoListApp.xcdatamodeld */,
				F8C8DC0429A64C8000DE06ED /* Preview Content */,
				F8C8DC1629A6584400DE06ED /* DateHolder.swift */,
			);
			path = TodoListApp;
			sourceTree = "<group>";
		};
		F8C8DC0429A64C8000DE06ED /* Preview Content */ = {
			isa = PBXGroup;
			children = (
				F8C8DC0529A64C8000DE06ED /* Preview Assets.xcassets */,
			);
			path = "Preview Content";
			sourceTree = "<group>";
		};
		F8C8DC1329A64EA700DE06ED /* Views */ = {
			isa = PBXGroup;
			children = (
				F8C8DC1129A64E5100DE06ED /* FloatingButton.swift */,
				F8C8DC0029A64C7F00DE06ED /* TaskListView.swift */,
				F8C8DC1429A64EC600DE06ED /* TaskEditView.swift */,
				F8C8DC2329A76DB100DE06ED /* SwipableCell.swift */,
			);
			path = Views;
			sourceTree = "<group>";
		};
		F8C8DC1C29A65F3700DE06ED /* Model */ = {
			isa = PBXGroup;
			children = (
				F8C8DC0729A64C8000DE06ED /* Persistence.swift */,
				F8C8DC1D29A65F6F00DE06ED /* TaskItemExtension.swift */,
			);
			path = Model;
			sourceTree = "<group>";
		};
		F8C8DC2829A7772200DE06ED /* Animations */ = {
			isa = PBXGroup;
			children = (
				F8C8DC2D29A7A7F700DE06ED /* swipe_interaction.riv */,
			);
			path = Animations;
			sourceTree = "<group>";
		};
/* End PBXGroup section */

/* Begin PBXNativeTarget section */
		F8C8DBFA29A64C7F00DE06ED /* TodoListApp */ = {
			isa = PBXNativeTarget;
			buildConfigurationList = F8C8DC0E29A64C8000DE06ED /* Build configuration list for PBXNativeTarget "TodoListApp" */;
			buildPhases = (
				F8C8DBF729A64C7F00DE06ED /* Sources */,
				F8C8DBF829A64C7F00DE06ED /* Frameworks */,
				F8C8DBF929A64C7F00DE06ED /* Resources */,
			);
			buildRules = (
			);
			dependencies = (
			);
			name = TodoListApp;
			packageProductDependencies = (
				F8C8DC2629A776FB00DE06ED /* RiveRuntime */,
			);
			productName = TodoListApp;
			productReference = F8C8DBFB29A64C7F00DE06ED /* TodoListApp.app */;
			productType = "com.apple.product-type.application";
		};
/* End PBXNativeTarget section */

/* Begin PBXProject section */
		F8C8DBF329A64C7F00DE06ED /* Project object */ = {
			isa = PBXProject;
			attributes = {
				BuildIndependentTargetsInParallel = 1;
				LastSwiftUpdateCheck = 1420;
				LastUpgradeCheck = 1420;
				TargetAttributes = {
					F8C8DBFA29A64C7F00DE06ED = {
						CreatedOnToolsVersion = 14.2;
					};
				};
			};
			buildConfigurationList = F8C8DBF629A64C7F00DE06ED /* Build configuration list for PBXProject "TodoListApp" */;
			compatibilityVersion = "Xcode 14.0";
			developmentRegion = en;
			hasScannedForEncodings = 0;
			knownRegions = (
				en,
				Base,
			);
			mainGroup = F8C8DBF229A64C7F00DE06ED;
			packageReferences = (
				F8C8DC2529A776FB00DE06ED /* XCRemoteSwiftPackageReference "rive-ios" */,
			);
			productRefGroup = F8C8DBFC29A64C7F00DE06ED /* Products */;
			projectDirPath = "";
			projectRoot = "";
			targets = (
				F8C8DBFA29A64C7F00DE06ED /* TodoListApp */,
			);
		};
/* End PBXProject section */

/* Begin PBXResourcesBuildPhase section */
		F8C8DBF929A64C7F00DE06ED /* Resources */ = {
			isa = PBXResourcesBuildPhase;
			buildActionMask = 2147483647;
			files = (
				F8C8DC0629A64C8000DE06ED /* Preview Assets.xcassets in Resources */,
				F8C8DC2E29A7A7F700DE06ED /* swipe_interaction.riv in Resources */,
				F8C8DC0329A64C8000DE06ED /* Assets.xcassets in Resources */,
			);
			runOnlyForDeploymentPostprocessing = 0;
		};
/* End PBXResourcesBuildPhase section */

/* Begin PBXSourcesBuildPhase section */
		F8C8DBF729A64C7F00DE06ED /* Sources */ = {
			isa = PBXSourcesBuildPhase;
			buildActionMask = 2147483647;
			files = (
				F8C8DC1729A6584400DE06ED /* DateHolder.swift in Sources */,
				F8C8DC1E29A65F6F00DE06ED /* TaskItemExtension.swift in Sources */,
				F8C8DC0829A64C8000DE06ED /* Persistence.swift in Sources */,
				F8C8DC0129A64C7F00DE06ED /* TaskListView.swift in Sources */,
				F8C8DC2429A76DB100DE06ED /* SwipableCell.swift in Sources */,
				F8C8DC1229A64E5100DE06ED /* FloatingButton.swift in Sources */,
				F8C8DC1529A64EC600DE06ED /* TaskEditView.swift in Sources */,
				F8C8DBFF29A64C7F00DE06ED /* TodoListAppApp.swift in Sources */,
				F8C8DC0B29A64C8000DE06ED /* TodoListApp.xcdatamodeld in Sources */,
			);
			runOnlyForDeploymentPostprocessing = 0;
		};
/* End PBXSourcesBuildPhase section */

/* Begin XCBuildConfiguration section */
		F8C8DC0C29A64C8000DE06ED /* Debug */ = {
			isa = XCBuildConfiguration;
			buildSettings = {
				ALWAYS_SEARCH_USER_PATHS = NO;
				CLANG_ANALYZER_NONNULL = YES;
				CLANG_ANALYZER_NUMBER_OBJECT_CONVERSION = YES_AGGRESSIVE;
				CLANG_CXX_LANGUAGE_STANDARD = "gnu++20";
				CLANG_ENABLE_MODULES = YES;
				CLANG_ENABLE_OBJC_ARC = YES;
				CLANG_ENABLE_OBJC_WEAK = YES;
				CLANG_WARN_BLOCK_CAPTURE_AUTORELEASING = YES;
				CLANG_WARN_BOOL_CONVERSION = YES;
				CLANG_WARN_COMMA = YES;
				CLANG_WARN_CONSTANT_CONVERSION = YES;
				CLANG_WARN_DEPRECATED_OBJC_IMPLEMENTATIONS = YES;
				CLANG_WARN_DIRECT_OBJC_ISA_USAGE = YES_ERROR;
				CLANG_WARN_DOCUMENTATION_COMMENTS = YES;
				CLANG_WARN_EMPTY_BODY = YES;
				CLANG_WARN_ENUM_CONVERSION = YES;
				CLANG_WARN_INFINITE_RECURSION = YES;
				CLANG_WARN_INT_CONVERSION = YES;
				CLANG_WARN_NON_LITERAL_NULL_CONVERSION = YES;
				CLANG_WARN_OBJC_IMPLICIT_RETAIN_SELF = YES;
				CLANG_WARN_OBJC_LITERAL_CONVERSION = YES;
				CLANG_WARN_OBJC_ROOT_CLASS = YES_ERROR;
				CLANG_WARN_QUOTED_INCLUDE_IN_FRAMEWORK_HEADER = YES;
				CLANG_WARN_RANGE_LOOP_ANALYSIS = YES;
				CLANG_WARN_STRICT_PROTOTYPES = YES;
				CLANG_WARN_SUSPICIOUS_MOVE = YES;
				CLANG_WARN_UNGUARDED_AVAILABILITY = YES_AGGRESSIVE;
				CLANG_WARN_UNREACHABLE_CODE = YES;
				CLANG_WARN__DUPLICATE_METHOD_MATCH = YES;
				COPY_PHASE_STRIP = NO;
				DEBUG_INFORMATION_FORMAT = dwarf;
				ENABLE_STRICT_OBJC_MSGSEND = YES;
				ENABLE_TESTABILITY = YES;
				GCC_C_LANGUAGE_STANDARD = gnu11;
				GCC_DYNAMIC_NO_PIC = NO;
				GCC_NO_COMMON_BLOCKS = YES;
				GCC_OPTIMIZATION_LEVEL = 0;
				GCC_PREPROCESSOR_DEFINITIONS = (
					"DEBUG=1",
					"$(inherited)",
				);
				GCC_WARN_64_TO_32_BIT_CONVERSION = YES;
				GCC_WARN_ABOUT_RETURN_TYPE = YES_ERROR;
				GCC_WARN_UNDECLARED_SELECTOR = YES;
				GCC_WARN_UNINITIALIZED_AUTOS = YES_AGGRESSIVE;
				GCC_WARN_UNUSED_FUNCTION = YES;
				GCC_WARN_UNUSED_VARIABLE = YES;
				IPHONEOS_DEPLOYMENT_TARGET = 16.2;
				MTL_ENABLE_DEBUG_INFO = INCLUDE_SOURCE;
				MTL_FAST_MATH = YES;
				ONLY_ACTIVE_ARCH = YES;
				SDKROOT = iphoneos;
				SWIFT_ACTIVE_COMPILATION_CONDITIONS = DEBUG;
				SWIFT_OPTIMIZATION_LEVEL = "-Onone";
			};
			name = Debug;
		};
		F8C8DC0D29A64C8000DE06ED /* Release */ = {
			isa = XCBuildConfiguration;
			buildSettings = {
				ALWAYS_SEARCH_USER_PATHS = NO;
				CLANG_ANALYZER_NONNULL = YES;
				CLANG_ANALYZER_NUMBER_OBJECT_CONVERSION = YES_AGGRESSIVE;
				CLANG_CXX_LANGUAGE_STANDARD = "gnu++20";
				CLANG_ENABLE_MODULES = YES;
				CLANG_ENABLE_OBJC_ARC = YES;
				CLANG_ENABLE_OBJC_WEAK = YES;
				CLANG_WARN_BLOCK_CAPTURE_AUTORELEASING = YES;
				CLANG_WARN_BOOL_CONVERSION = YES;
				CLANG_WARN_COMMA = YES;
				CLANG_WARN_CONSTANT_CONVERSION = YES;
				CLANG_WARN_DEPRECATED_OBJC_IMPLEMENTATIONS = YES;
				CLANG_WARN_DIRECT_OBJC_ISA_USAGE = YES_ERROR;
				CLANG_WARN_DOCUMENTATION_COMMENTS = YES;
				CLANG_WARN_EMPTY_BODY = YES;
				CLANG_WARN_ENUM_CONVERSION = YES;
				CLANG_WARN_INFINITE_RECURSION = YES;
				CLANG_WARN_INT_CONVERSION = YES;
				CLANG_WARN_NON_LITERAL_NULL_CONVERSION = YES;
				CLANG_WARN_OBJC_IMPLICIT_RETAIN_SELF = YES;
				CLANG_WARN_OBJC_LITERAL_CONVERSION = YES;
				CLANG_WARN_OBJC_ROOT_CLASS = YES_ERROR;
				CLANG_WARN_QUOTED_INCLUDE_IN_FRAMEWORK_HEADER = YES;
				CLANG_WARN_RANGE_LOOP_ANALYSIS = YES;
				CLANG_WARN_STRICT_PROTOTYPES = YES;
				CLANG_WARN_SUSPICIOUS_MOVE = YES;
				CLANG_WARN_UNGUARDED_AVAILABILITY = YES_AGGRESSIVE;
				CLANG_WARN_UNREACHABLE_CODE = YES;
				CLANG_WARN__DUPLICATE_METHOD_MATCH = YES;
				COPY_PHASE_STRIP = NO;
				DEBUG_INFORMATION_FORMAT = "dwarf-with-dsym";
				ENABLE_NS_ASSERTIONS = NO;
				ENABLE_STRICT_OBJC_MSGSEND = YES;
				GCC_C_LANGUAGE_STANDARD = gnu11;
				GCC_NO_COMMON_BLOCKS = YES;
				GCC_WARN_64_TO_32_BIT_CONVERSION = YES;
				GCC_WARN_ABOUT_RETURN_TYPE = YES_ERROR;
				GCC_WARN_UNDECLARED_SELECTOR = YES;
				GCC_WARN_UNINITIALIZED_AUTOS = YES_AGGRESSIVE;
				GCC_WARN_UNUSED_FUNCTION = YES;
				GCC_WARN_UNUSED_VARIABLE = YES;
				IPHONEOS_DEPLOYMENT_TARGET = 16.2;
				MTL_ENABLE_DEBUG_INFO = NO;
				MTL_FAST_MATH = YES;
				SDKROOT = iphoneos;
				SWIFT_COMPILATION_MODE = wholemodule;
				SWIFT_OPTIMIZATION_LEVEL = "-O";
				VALIDATE_PRODUCT = YES;
			};
			name = Release;
		};
		F8C8DC0F29A64C8000DE06ED /* Debug */ = {
			isa = XCBuildConfiguration;
			buildSettings = {
				ASSETCATALOG_COMPILER_APPICON_NAME = AppIcon;
				ASSETCATALOG_COMPILER_GLOBAL_ACCENT_COLOR_NAME = AccentColor;
				CODE_SIGN_STYLE = Automatic;
				CURRENT_PROJECT_VERSION = 1;
				DEVELOPMENT_ASSET_PATHS = "\"TodoListApp/Preview Content\"";
				DEVELOPMENT_TEAM = V7DMK4826J;
				ENABLE_PREVIEWS = YES;
				GENERATE_INFOPLIST_FILE = YES;
				INFOPLIST_KEY_UIApplicationSceneManifest_Generation = YES;
				INFOPLIST_KEY_UIApplicationSupportsIndirectInputEvents = YES;
				INFOPLIST_KEY_UILaunchScreen_Generation = YES;
				INFOPLIST_KEY_UISupportedInterfaceOrientations_iPad = "UIInterfaceOrientationPortrait UIInterfaceOrientationPortraitUpsideDown UIInterfaceOrientationLandscapeLeft UIInterfaceOrientationLandscapeRight";
				INFOPLIST_KEY_UISupportedInterfaceOrientations_iPhone = "UIInterfaceOrientationPortrait UIInterfaceOrientationLandscapeLeft UIInterfaceOrientationLandscapeRight";
				LD_RUNPATH_SEARCH_PATHS = (
					"$(inherited)",
					"@executable_path/Frameworks",
				);
				MARKETING_VERSION = 1.0;
				PRODUCT_BUNDLE_IDENTIFIER = dev.gordon.TodoListApp;
				PRODUCT_NAME = "$(TARGET_NAME)";
				SWIFT_EMIT_LOC_STRINGS = YES;
				SWIFT_VERSION = 5.0;
				TARGETED_DEVICE_FAMILY = "1,2";
			};
			name = Debug;
		};
		F8C8DC1029A64C8000DE06ED /* Release */ = {
			isa = XCBuildConfiguration;
			buildSettings = {
				ASSETCATALOG_COMPILER_APPICON_NAME = AppIcon;
				ASSETCATALOG_COMPILER_GLOBAL_ACCENT_COLOR_NAME = AccentColor;
				CODE_SIGN_STYLE = Automatic;
				CURRENT_PROJECT_VERSION = 1;
				DEVELOPMENT_ASSET_PATHS = "\"TodoListApp/Preview Content\"";
				DEVELOPMENT_TEAM = V7DMK4826J;
				ENABLE_PREVIEWS = YES;
				GENERATE_INFOPLIST_FILE = YES;
				INFOPLIST_KEY_UIApplicationSceneManifest_Generation = YES;
				INFOPLIST_KEY_UIApplicationSupportsIndirectInputEvents = YES;
				INFOPLIST_KEY_UILaunchScreen_Generation = YES;
				INFOPLIST_KEY_UISupportedInterfaceOrientations_iPad = "UIInterfaceOrientationPortrait UIInterfaceOrientationPortraitUpsideDown UIInterfaceOrientationLandscapeLeft UIInterfaceOrientationLandscapeRight";
				INFOPLIST_KEY_UISupportedInterfaceOrientations_iPhone = "UIInterfaceOrientationPortrait UIInterfaceOrientationLandscapeLeft UIInterfaceOrientationLandscapeRight";
				LD_RUNPATH_SEARCH_PATHS = (
					"$(inherited)",
					"@executable_path/Frameworks",
				);
				MARKETING_VERSION = 1.0;
				PRODUCT_BUNDLE_IDENTIFIER = dev.gordon.TodoListApp;
				PRODUCT_NAME = "$(TARGET_NAME)";
				SWIFT_EMIT_LOC_STRINGS = YES;
				SWIFT_VERSION = 5.0;
				TARGETED_DEVICE_FAMILY = "1,2";
			};
			name = Release;
		};
/* End XCBuildConfiguration section */

/* Begin XCConfigurationList section */
		F8C8DBF629A64C7F00DE06ED /* Build configuration list for PBXProject "TodoListApp" */ = {
			isa = XCConfigurationList;
			buildConfigurations = (
				F8C8DC0C29A64C8000DE06ED /* Debug */,
				F8C8DC0D29A64C8000DE06ED /* Release */,
			);
			defaultConfigurationIsVisible = 0;
			defaultConfigurationName = Release;
		};
		F8C8DC0E29A64C8000DE06ED /* Build configuration list for PBXNativeTarget "TodoListApp" */ = {
			isa = XCConfigurationList;
			buildConfigurations = (
				F8C8DC0F29A64C8000DE06ED /* Debug */,
				F8C8DC1029A64C8000DE06ED /* Release */,
			);
			defaultConfigurationIsVisible = 0;
			defaultConfigurationName = Release;
		};
/* End XCConfigurationList section */

/* Begin XCRemoteSwiftPackageReference section */
		F8C8DC2529A776FB00DE06ED /* XCRemoteSwiftPackageReference "rive-ios" */ = {
			isa = XCRemoteSwiftPackageReference;
			repositoryURL = "https://github.com/rive-app/rive-ios";
			requirement = {
				kind = upToNextMajorVersion;
				minimumVersion = 3.0.0;
			};
		};
/* End XCRemoteSwiftPackageReference section */

/* Begin XCSwiftPackageProductDependency section */
		F8C8DC2629A776FB00DE06ED /* RiveRuntime */ = {
			isa = XCSwiftPackageProductDependency;
			package = F8C8DC2529A776FB00DE06ED /* XCRemoteSwiftPackageReference "rive-ios" */;
			productName = RiveRuntime;
		};
/* End XCSwiftPackageProductDependency section */

/* Begin XCVersionGroup section */
		F8C8DC0929A64C8000DE06ED /* TodoListApp.xcdatamodeld */ = {
			isa = XCVersionGroup;
			children = (
				F8C8DC0A29A64C8000DE06ED /* TodoListApp.xcdatamodel */,
			);
			currentVersion = F8C8DC0A29A64C8000DE06ED /* TodoListApp.xcdatamodel */;
			path = TodoListApp.xcdatamodeld;
			sourceTree = "<group>";
			versionGroupType = wrapper.xcdatamodel;
		};
/* End XCVersionGroup section */
	};
	rootObject = F8C8DBF329A64C7F00DE06ED /* Project object */;
}
